
Microsoft Visual Studio Solution File, Format Version 12.00
# Visual Studio Version 16
VisualStudioVersion = 16.0.31005.135
MinimumVisualStudioVersion = 10.0.40219.1
Project("{FAE04EC0-301F-11D3-BF4B-00C04F79EFBC}") = "Pixiv Login Redirect Capture", "Pixiv Login Redirect Capture\Pixiv Login Redirect Capture.csproj", "{92BA135B-7F6C-4725-9258-D925E01C3F77}"
EndProject
Global
	GlobalSection(SolutionConfigurationPlatforms) = preSolution
		Debug|Any CPU = Debug|Any CPU
		Release|Any CPU = Release|Any CPU
	EndGlobalSection
	GlobalSection(ProjectConfigurationPlatforms) = postSolution
		{92BA135B-7F6C-4725-9258-D925E01C3F77}.Debug|Any CPU.ActiveCfg = Debug|Any CPU
		{92BA135B-7F6C-4725-9258-D925E01C3F77}.Debug|Any CPU.Build.0 = Debug|Any CPU
		{92BA135B-7F6C-4725-9258-D925E01C3F77}.Release|Any CPU.ActiveCfg = Release|Any CPU
		{92BA135B-7F6C-4725-9258-D925E01C3F77}.Release|Any CPU.Build.0 = Release|Any CPU
	EndGlobalSection
	GlobalSection(SolutionProperties) = preSolution
		HideSolutionNode = FALSE
	EndGlobalSection
	GlobalSection(ExtensibilityGlobals) = postSolution
		SolutionGuid = {ECB0C53C-0C4E-4650-8A1A-4ADF7425107E}
	EndGlobalSection
EndGlobal
